
Microsoft Visual Studio Solution File, Format Version 12.00
# Visual Studio Version 17
VisualStudioVersion = 17.14.36804.6 d17.14
MinimumVisualStudioVersion = 10.0.40219.1
Project("{FAE04EC0-301F-11D3-BF4B-00C04F79EFBC}") = "TeamFlow", "TeamFlow\TeamFlow.csproj", "{59C4384D-127E-44E5-AD34-E971FE90F8FB}"
EndProject
Global
	GlobalSection(SolutionConfigurationPlatforms) = preSolution
		Debug|Any CPU = Debug|Any CPU
		Release|Any CPU = Release|Any CPU
	EndGlobalSection
	GlobalSection(ProjectConfigurationPlatforms) = postSolution
		{59C4384D-127E-44E5-AD34-E971FE90F8FB}.Debug|Any CPU.ActiveCfg = Debug|Any CPU
		{59C4384D-127E-44E5-AD34-E971FE90F8FB}.Debug|Any CPU.Build.0 = Debug|Any CPU
		{59C4384D-127E-44E5-AD34-E971FE90F8FB}.Release|Any CPU.ActiveCfg = Release|Any CPU
		{59C4384D-127E-44E5-AD34-E971FE90F8FB}.Release|Any CPU.Build.0 = Release|Any CPU
	EndGlobalSection
	GlobalSection(SolutionProperties) = preSolution
		HideSolutionNode = FALSE
	EndGlobalSection
	GlobalSection(ExtensibilityGlobals) = postSolution
		SolutionGuid = {3F70FA7B-F6AF-48E9-8BB6-F86C8D555885}
	EndGlobalSection
EndGlobal
